
Microsoft Visual Studio Solution File, Format Version 12.00
# Visual Studio Version 17
VisualStudioVersion = 17.1.32328.378
MinimumVisualStudioVersion = 10.0.40219.1
Project("{9A19103F-16F7-4668-BE54-9A1E7A4F7556}") = "ApiMaPay", "ApiMaPay.csproj", "{22A01A86-185F-4994-97BE-6EA20A1F7AEE}"
EndProject
Global
	GlobalSection(SolutionConfigurationPlatforms) = preSolution
		Debug|Any CPU = Debug|Any CPU
		Release|Any CPU = Release|Any CPU
	EndGlobalSection
	GlobalSection(ProjectConfigurationPlatforms) = postSolution
		{22A01A86-185F-4994-97BE-6EA20A1F7AEE}.Debug|Any CPU.ActiveCfg = Debug|Any CPU
		{22A01A86-185F-4994-97BE-6EA20A1F7AEE}.Debug|Any CPU.Build.0 = Debug|Any CPU
		{22A01A86-185F-4994-97BE-6EA20A1F7AEE}.Release|Any CPU.ActiveCfg = Release|Any CPU
		{22A01A86-185F-4994-97BE-6EA20A1F7AEE}.Release|Any CPU.Build.0 = Release|Any CPU
	EndGlobalSection
	GlobalSection(SolutionProperties) = preSolution
		HideSolutionNode = FALSE
	EndGlobalSection
	GlobalSection(ExtensibilityGlobals) = postSolution
		SolutionGuid = {888B38EF-C418-4E57-A205-163B25FA63FB}
	EndGlobalSection
EndGlobal
